
Microsoft Visual Studio Solution File, Format Version 12.00
# Visual Studio Version 17
VisualStudioVersion = 17.10.35004.147
MinimumVisualStudioVersion = 10.0.40219.1
Project("{9A19103F-16F7-4668-BE54-9A1E7A4F7556}") = "ReferenceInfo.WebHost", "ReferenceInfo\ReferenceInfo.WebHost.csproj", "{2E24FD20-2D9A-4DEE-BF7F-673C3252EA57}"
EndProject
Project("{9A19103F-16F7-4668-BE54-9A1E7A4F7556}") = "ReferenceInfo.Core", "ReferenceInfoCore\ReferenceInfo.Core.csproj", "{55FF7EB8-D629-4176-91CD-89E965BB54CF}"
EndProject
Project("{9A19103F-16F7-4668-BE54-9A1E7A4F7556}") = "ReferenceInfo.DataAccess", "ReferenceInfoDataAccess\ReferenceInfo.DataAccess.csproj", "{AD1976A1-BF46-489D-BEB4-BEDC1453CF32}"
EndProject
Global
	GlobalSection(SolutionConfigurationPlatforms) = preSolution
		Debug|Any CPU = Debug|Any CPU
		Release|Any CPU = Release|Any CPU
	EndGlobalSection
	GlobalSection(ProjectConfigurationPlatforms) = postSolution
		{2E24FD20-2D9A-4DEE-BF7F-673C3252EA57}.Debug|Any CPU.ActiveCfg = Debug|Any CPU
		{2E24FD20-2D9A-4DEE-BF7F-673C3252EA57}.Debug|Any CPU.Build.0 = Debug|Any CPU
		{2E24FD20-2D9A-4DEE-BF7F-673C3252EA57}.Release|Any CPU.ActiveCfg = Release|Any CPU
		{2E24FD20-2D9A-4DEE-BF7F-673C3252EA57}.Release|Any CPU.Build.0 = Release|Any CPU
		{55FF7EB8-D629-4176-91CD-89E965BB54CF}.Debug|Any CPU.ActiveCfg = Debug|Any CPU
		{55FF7EB8-D629-4176-91CD-89E965BB54CF}.Debug|Any CPU.Build.0 = Debug|Any CPU
		{55FF7EB8-D629-4176-91CD-89E965BB54CF}.Release|Any CPU.ActiveCfg = Release|Any CPU
		{55FF7EB8-D629-4176-91CD-89E965BB54CF}.Release|Any CPU.Build.0 = Release|Any CPU
		{AD1976A1-BF46-489D-BEB4-BEDC1453CF32}.Debug|Any CPU.ActiveCfg = Debug|Any CPU
		{AD1976A1-BF46-489D-BEB4-BEDC1453CF32}.Debug|Any CPU.Build.0 = Debug|Any CPU
		{AD1976A1-BF46-489D-BEB4-BEDC1453CF32}.Release|Any CPU.ActiveCfg = Release|Any CPU
		{AD1976A1-BF46-489D-BEB4-BEDC1453CF32}.Release|Any CPU.Build.0 = Release|Any CPU
	EndGlobalSection
	GlobalSection(SolutionProperties) = preSolution
		HideSolutionNode = FALSE
	EndGlobalSection
	GlobalSection(ExtensibilityGlobals) = postSolution
		SolutionGuid = {A1DFDF99-DD56-42C6-8FFE-0AF35B17AC57}
	EndGlobalSection
EndGlobal
